
Microsoft Visual Studio Solution File, Format Version 12.00
# Visual Studio Version 17
VisualStudioVersion = 17.2.32516.85
MinimumVisualStudioVersion = 10.0.40219.1
Project("{FAE04EC0-301F-11D3-BF4B-00C04F79EFBC}") = "Class_Object", "Class_Object\Class_Object.csproj", "{70DFA011-EF08-4131-9D88-B5C599ACB854}"
EndProject
Global
	GlobalSection(SolutionConfigurationPlatforms) = preSolution
		Debug|Any CPU = Debug|Any CPU
		Release|Any CPU = Release|Any CPU
	EndGlobalSection
	GlobalSection(ProjectConfigurationPlatforms) = postSolution
		{70DFA011-EF08-4131-9D88-B5C599ACB854}.Debug|Any CPU.ActiveCfg = Debug|Any CPU
		{70DFA011-EF08-4131-9D88-B5C599ACB854}.Debug|Any CPU.Build.0 = Debug|Any CPU
		{70DFA011-EF08-4131-9D88-B5C599ACB854}.Release|Any CPU.ActiveCfg = Release|Any CPU
		{70DFA011-EF08-4131-9D88-B5C599ACB854}.Release|Any CPU.Build.0 = Release|Any CPU
	EndGlobalSection
	GlobalSection(SolutionProperties) = preSolution
		HideSolutionNode = FALSE
	EndGlobalSection
	GlobalSection(ExtensibilityGlobals) = postSolution
		SolutionGuid = {12584E88-4592-49F0-A374-95C456B1160E}
	EndGlobalSection
EndGlobal
